// !$*UTF8*$!
{
	archiveVersion = 1;
	classes = {
	};
	objectVersion = 46;
	objects = {

/* Begin PBXBuildFile section */
		3E66EE371DECC04D00A5C94A /* AppDelegate.swift in Sources */ = {isa = PBXBuildFile; fileRef = 3E66EE361DECC04D00A5C94A /* AppDelegate.swift */; };
		3E66EE391DECC04D00A5C94A /* ViewController.swift in Sources */ = {isa = PBXBuildFile; fileRef = 3E66EE381DECC04D00A5C94A /* ViewController.swift */; };
		3E66EE3C1DECC04D00A5C94A /* Main.storyboard in Resources */ = {isa = PBXBuildFile; fileRef = 3E66EE3A1DECC04D00A5C94A /* Main.storyboard */; };
		3E66EE3F1DECC04D00A5C94A /* Pokemon.xcdatamodeld in Sources */ = {isa = PBXBuildFile; fileRef = 3E66EE3D1DECC04D00A5C94A /* Pokemon.xcdatamodeld */; };
		3E66EE411DECC04D00A5C94A /* Assets.xcassets in Resources */ = {isa = PBXBuildFile; fileRef = 3E66EE401DECC04D00A5C94A /* Assets.xcassets */; };
		3E66EE441DECC04D00A5C94A /* LaunchScreen.storyboard in Resources */ = {isa = PBXBuildFile; fileRef = 3E66EE421DECC04D00A5C94A /* LaunchScreen.storyboard */; };
/* End PBXBuildFile section */

/* Begin PBXFileReference section */
		3E66EE331DECC04D00A5C94A /* Pokemon.app */ = {isa = PBXFileReference; explicitFileType = wrapper.application; includeInIndex = 0; path = Pokemon.app; sourceTree = BUILT_PRODUCTS_DIR; };
		3E66EE361DECC04D00A5C94A /* AppDelegate.swift */ = {isa = PBXFileReference; lastKnownFileType = sourcecode.swift; path = AppDelegate.swift; sourceTree = "<group>"; };
		3E66EE381DECC04D00A5C94A /* ViewController.swift */ = {isa = PBXFileReference; lastKnownFileType = sourcecode.swift; path = ViewController.swift; sourceTree = "<group>"; };
		3E66EE3B1DECC04D00A5C94A /* Base */ = {isa = PBXFileReference; lastKnownFileType = file.storyboard; name = Base; path = Base.lproj/Main.storyboard; sourceTree = "<group>"; };
		3E66EE3E1DECC04D00A5C94A /* Pokemon.xcdatamodel */ = {isa = PBXFileReference; lastKnownFileType = wrapper.xcdatamodel; path = Pokemon.xcdatamodel; sourceTree = "<group>"; };
		3E66EE401DECC04D00A5C94A /* Assets.xcassets */ = {isa = PBXFileReference; lastKnownFileType = folder.assetcatalog; path = Assets.xcassets; sourceTree = "<group>"; };
		3E66EE431DECC04D00A5C94A /* Base */ = {isa = PBXFileReference; lastKnownFileType = file.storyboard; name = Base; path = Base.lproj/LaunchScreen.storyboard; sourceTree = "<group>"; };
		3E66EE451DECC04D00A5C94A /* Info.plist */ = {isa = PBXFileReference; lastKnownFileType = text.plist.xml; path = Info.plist; sourceTree = "<group>"; };
/* End PBXFileReference section */

/* Begin PBXFrameworksBuildPhase section */
		3E66EE301DECC04C00A5C94A /* Frameworks */ = {
			isa = PBXFrameworksBuildPhase;
			buildActionMask = 2147483647;
			files = (
			);
			runOnlyForDeploymentPostprocessing = 0;
		};
/* End PBXFrameworksBuildPhase section */

/* Begin PBXGroup section */
		3E66EE2A1DECC04C00A5C94A = {
			isa = PBXGroup;
			children = (
				3E66EE351DECC04D00A5C94A /* Pokemon */,
				3E66EE341DECC04D00A5C94A /* Products */,
			);
			sourceTree = "<group>";
		};
		3E66EE341DECC04D00A5C94A /* Products */ = {
			isa = PBXGroup;
			children = (
				3E66EE331DECC04D00A5C94A /* Pokemon.app */,
			);
			name = Products;
			sourceTree = "<group>";
		};
		3E66EE351DECC04D00A5C94A /* Pokemon */ = {
			isa = PBXGroup;
			children = (
				3E66EE361DECC04D00A5C94A /* AppDelegate.swift */,
				3E66EE381DECC04D00A5C94A /* ViewController.swift */,
				3E66EE3A1DECC04D00A5C94A /* Main.storyboard */,
				3E66EE401DECC04D00A5C94A /* Assets.xcassets */,
				3E66EE421DECC04D00A5C94A /* LaunchScreen.storyboard */,
				3E66EE451DECC04D00A5C94A /* Info.plist */,
				3E66EE3D1DECC04D00A5C94A /* Pokemon.xcdatamodeld */,
			);
			path = Pokemon;
			sourceTree = "<group>";
		};
/* End PBXGroup section */

/* Begin PBXNativeTarget section */
		3E66EE321DECC04C00A5C94A /* Pokemon */ = {
			isa = PBXNativeTarget;
			buildConfigurationList = 3E66EE481DECC04D00A5C94A /* Build configuration list for PBXNativeTarget "Pokemon" */;
			buildPhases = (
				3E66EE2F1DECC04C00A5C94A /* Sources */,
				3E66EE301DECC04C00A5C94A /* Frameworks */,
				3E66EE311DECC04C00A5C94A /* Resources */,
			);
			buildRules = (
			);
			dependencies = (
			);
			name = Pokemon;
			productName = Pokemon;
			productReference = 3E66EE331DECC04D00A5C94A /* Pokemon.app */;
			productType = "com.apple.product-type.application";
		};
/* End PBXNativeTarget section */

/* Begin PBXProject section */
		3E66EE2B1DECC04C00A5C94A /* Project object */ = {
			isa = PBXProject;
			attributes = {
				LastSwiftUpdateCheck = 0810;
				LastUpgradeCheck = 0810;
				ORGANIZATIONNAME = "Jeff Pan";
				TargetAttributes = {
					3E66EE321DECC04C00A5C94A = {
						CreatedOnToolsVersion = 8.1;
						DevelopmentTeam = 2X38X69B45;
						ProvisioningStyle = Automatic;
					};
				};
			};
			buildConfigurationList = 3E66EE2E1DECC04C00A5C94A /* Build configuration list for PBXProject "Pokemon" */;
			compatibilityVersion = "Xcode 3.2";
			developmentRegion = English;
			hasScannedForEncodings = 0;
			knownRegions = (
				en,
				Base,
			);
			mainGroup = 3E66EE2A1DECC04C00A5C94A;
			productRefGroup = 3E66EE341DECC04D00A5C94A /* Products */;
			projectDirPath = "";
			projectRoot = "";
			targets = (
				3E66EE321DECC04C00A5C94A /* Pokemon */,
			);
		};
/* End PBXProject section */

/* Begin PBXResourcesBuildPhase section */
		3E66EE311DECC04C00A5C94A /* Resources */ = {
			isa = PBXResourcesBuildPhase;
			buildActionMask = 2147483647;
			files = (
				3E66EE441DECC04D00A5C94A /* LaunchScreen.storyboard in Resources */,
				3E66EE411DECC04D00A5C94A /* Assets.xcassets in Resources */,
				3E66EE3C1DECC04D00A5C94A /* Main.storyboard in Resources */,
			);
			runOnlyForDeploymentPostprocessing = 0;
		};
/* End PBXResourcesBuildPhase section */

/* Begin PBXSourcesBuildPhase section */
		3E66EE2F1DECC04C00A5C94A /* Sources */ = {
			isa = PBXSourcesBuildPhase;
			buildActionMask = 2147483647;
			files = (
				3E66EE391DECC04D00A5C94A /* ViewController.swift in Sources */,
				3E66EE371DECC04D00A5C94A /* AppDelegate.swift in Sources */,
				3E66EE3F1DECC04D00A5C94A /* Pokemon.xcdatamodeld in Sources */,
			);
			runOnlyForDeploymentPostprocessing = 0;
		};
/* End PBXSourcesBuildPhase section */

/* Begin PBXVariantGroup section */
		3E66EE3A1DECC04D00A5C94A /* Main.storyboard */ = {
			isa = PBXVariantGroup;
			children = (
				3E66EE3B1DECC04D00A5C94A /* Base */,
			);
			name = Main.storyboard;
			sourceTree = "<group>";
		};
		3E66EE421DECC04D00A5C94A /* LaunchScreen.storyboard */ = {
			isa = PBXVariantGroup;
			children = (
				3E66EE431DECC04D00A5C94A /* Base */,
			);
			name = LaunchScreen.storyboard;
			sourceTree = "<group>";
		};
/* End PBXVariantGroup section */

/* Begin XCBuildConfiguration section */
		3E66EE461DECC04D00A5C94A /* Debug */ = {
			isa = XCBuildConfiguration;
			buildSettings = {
				ALWAYS_SEARCH_USER_PATHS = NO;
				CLANG_ANALYZER_NONNULL = YES;
				CLANG_CXX_LANGUAGE_STANDARD = "gnu++0x";
				CLANG_CXX_LIBRARY = "libc++";
				CLANG_ENABLE_MODULES = YES;
				CLANG_ENABLE_OBJC_ARC = YES;
				CLANG_WARN_BOOL_CONVERSION = YES;
				CLANG_WARN_CONSTANT_CONVERSION = YES;
				CLANG_WARN_DIRECT_OBJC_ISA_USAGE = YES_ERROR;
				CLANG_WARN_DOCUMENTATION_COMMENTS = YES;
				CLANG_WARN_EMPTY_BODY = YES;
				CLANG_WARN_ENUM_CONVERSION = YES;
				CLANG_WARN_INFINITE_RECURSION = YES;
				CLANG_WARN_INT_CONVERSION = YES;
				CLANG_WARN_OBJC_ROOT_CLASS = YES_ERROR;
				CLANG_WARN_SUSPICIOUS_MOVES = YES;
				CLANG_WARN_UNREACHABLE_CODE = YES;
				CLANG_WARN__DUPLICATE_METHOD_MATCH = YES;
				"CODE_SIGN_IDENTITY[sdk=iphoneos*]" = "iPhone Developer";
				COPY_PHASE_STRIP = NO;
				DEBUG_INFORMATION_FORMAT = dwarf;
				ENABLE_STRICT_OBJC_MSGSEND = YES;
				ENABLE_TESTABILITY = YES;
				GCC_C_LANGUAGE_STANDARD = gnu99;
				GCC_DYNAMIC_NO_PIC = NO;
				GCC_NO_COMMON_BLOCKS = YES;
				GCC_OPTIMIZATION_LEVEL = 0;
				GCC_PREPROCESSOR_DEFINITIONS = (
					"DEBUG=1",
					"$(inherited)",
				);
				GCC_WARN_64_TO_32_BIT_CONVERSION = YES;
				GCC_WARN_ABOUT_RETURN_TYPE = YES_ERROR;
				GCC_WARN_UNDECLARED_SELECTOR = YES;
				GCC_WARN_UNINITIALIZED_AUTOS = YES_AGGRESSIVE;
				GCC_WARN_UNUSED_FUNCTION = YES;
				GCC_WARN_UNUSED_VARIABLE = YES;
				IPHONEOS_DEPLOYMENT_TARGET = 10.1;
				MTL_ENABLE_DEBUG_INFO = YES;
				ONLY_ACTIVE_ARCH = YES;
				SDKROOT = iphoneos;
				SWIFT_ACTIVE_COMPILATION_CONDITIONS = DEBUG;
				SWIFT_OPTIMIZATION_LEVEL = "-Onone";
				TARGETED_DEVICE_FAMILY = "1,2";
			};
			name = Debug;
		};
		3E66EE471DECC04D00A5C94A /* Release */ = {
			isa = XCBuildConfiguration;
			buildSettings = {
				ALWAYS_SEARCH_USER_PATHS = NO;
				CLANG_ANALYZER_NONNULL = YES;
				CLANG_CXX_LANGUAGE_STANDARD = "gnu++0x";
				CLANG_CXX_LIBRARY = "libc++";
				CLANG_ENABLE_MODULES = YES;
				CLANG_ENABLE_OBJC_ARC = YES;
				CLANG_WARN_BOOL_CONVERSION = YES;
				CLANG_WARN_CONSTANT_CONVERSION = YES;
				CLANG_WARN_DIRECT_OBJC_ISA_USAGE = YES_ERROR;
				CLANG_WARN_DOCUMENTATION_COMMENTS = YES;
				CLANG_WARN_EMPTY_BODY = YES;
				CLANG_WARN_ENUM_CONVERSION = YES;
				CLANG_WARN_INFINITE_RECURSION = YES;
				CLANG_WARN_INT_CONVERSION = YES;
				CLANG_WARN_OBJC_ROOT_CLASS = YES_ERROR;
				CLANG_WARN_SUSPICIOUS_MOVES = YES;
				CLANG_WARN_UNREACHABLE_CODE = YES;
				CLANG_WARN__DUPLICATE_METHOD_MATCH = YES;
				"CODE_SIGN_IDENTITY[sdk=iphoneos*]" = "iPhone Developer";
				COPY_PHASE_STRIP = NO;
				DEBUG_INFORMATION_FORMAT = "dwarf-with-dsym";
				ENABLE_NS_ASSERTIONS = NO;
				ENABLE_STRICT_OBJC_MSGSEND = YES;
				GCC_C_LANGUAGE_STANDARD = gnu99;
				GCC_NO_COMMON_BLOCKS = YES;
				GCC_WARN_64_TO_32_BIT_CONVERSION = YES;
				GCC_WARN_ABOUT_RETURN_TYPE = YES_ERROR;
				GCC_WARN_UNDECLARED_SELECTOR = YES;
				GCC_WARN_UNINITIALIZED_AUTOS = YES_AGGRESSIVE;
				GCC_WARN_UNUSED_FUNCTION = YES;
				GCC_WARN_UNUSED_VARIABLE = YES;
				IPHONEOS_DEPLOYMENT_TARGET = 10.1;
				MTL_ENABLE_DEBUG_INFO = NO;
				SDKROOT = iphoneos;
				SWIFT_OPTIMIZATION_LEVEL = "-Owholemodule";
				TARGETED_DEVICE_FAMILY = "1,2";
				VALIDATE_PRODUCT = YES;
			};
			name = Release;
		};
		3E66EE491DECC04D00A5C94A /* Debug */ = {
			isa = XCBuildConfiguration;
			buildSettings = {
				ASSETCATALOG_COMPILER_APPICON_NAME = AppIcon;
				DEVELOPMENT_TEAM = 2X38X69B45;
				INFOPLIST_FILE = Pokemon/Info.plist;
				LD_RUNPATH_SEARCH_PATHS = "$(inherited) @executable_path/Frameworks";
				PRODUCT_BUNDLE_IDENTIFIER = aeffect.Pokemon;
				PRODUCT_NAME = "$(TARGET_NAME)";
				SWIFT_VERSION = 3.0;
			};
			name = Debug;
		};
		3E66EE4A1DECC04D00A5C94A /* Release */ = {
			isa = XCBuildConfiguration;
			buildSettings = {
				ASSETCATALOG_COMPILER_APPICON_NAME = AppIcon;
				DEVELOPMENT_TEAM = 2X38X69B45;
				INFOPLIST_FILE = Pokemon/Info.plist;
				LD_RUNPATH_SEARCH_PATHS = "$(inherited) @executable_path/Frameworks";
				PRODUCT_BUNDLE_IDENTIFIER = aeffect.Pokemon;
				PRODUCT_NAME = "$(TARGET_NAME)";
				SWIFT_VERSION = 3.0;
			};
			name = Release;
		};
/* End XCBuildConfiguration section */

/* Begin XCConfigurationList section */
		3E66EE2E1DECC04C00A5C94A /* Build configuration list for PBXProject "Pokemon" */ = {
			isa = XCConfigurationList;
			buildConfigurations = (
				3E66EE461DECC04D00A5C94A /* Debug */,
				3E66EE471DECC04D00A5C94A /* Release */,
			);
			defaultConfigurationIsVisible = 0;
			defaultConfigurationName = Release;
		};
		3E66EE481DECC04D00A5C94A /* Build configuration list for PBXNativeTarget "Pokemon" */ = {
			isa = XCConfigurationList;
			buildConfigurations = (
				3E66EE491DECC04D00A5C94A /* Debug */,
				3E66EE4A1DECC04D00A5C94A /* Release */,
			);
			defaultConfigurationIsVisible = 0;
		};
/* End XCConfigurationList section */

/* Begin XCVersionGroup section */
		3E66EE3D1DECC04D00A5C94A /* Pokemon.xcdatamodeld */ = {
			isa = XCVersionGroup;
			children = (
				3E66EE3E1DECC04D00A5C94A /* Pokemon.xcdatamodel */,
			);
			currentVersion = 3E66EE3E1DECC04D00A5C94A /* Pokemon.xcdatamodel */;
			path = Pokemon.xcdatamodeld;
			sourceTree = "<group>";
			versionGroupType = wrapper.xcdatamodel;
		};
/* End XCVersionGroup section */
	};
	rootObject = 3E66EE2B1DECC04C00A5C94A /* Project object */;
}
